
Microsoft Visual Studio Solution File, Format Version 12.00
# Visual Studio Version 17
VisualStudioVersion = 17.10.34916.146
MinimumVisualStudioVersion = 10.0.40219.1
Project("{FAE04EC0-301F-11D3-BF4B-00C04F79EFBC}") = "VoiceAssistant.Recording", "VoiceAssistant.Recording\VoiceAssistant.Recording.csproj", "{747A379B-9A62-44C1-B122-900E4D896677}"
EndProject
Project("{FAE04EC0-301F-11D3-BF4B-00C04F79EFBC}") = "ConsoleTester", "ConsoleTester\ConsoleTester.csproj", "{FF22E473-FC1F-4528-8C12-5E13FD4105C2}"
EndProject
Global
	GlobalSection(SolutionConfigurationPlatforms) = preSolution
		Debug|Any CPU = Debug|Any CPU
		Release|Any CPU = Release|Any CPU
	EndGlobalSection
	GlobalSection(ProjectConfigurationPlatforms) = postSolution
		{747A379B-9A62-44C1-B122-900E4D896677}.Debug|Any CPU.ActiveCfg = Debug|Any CPU
		{747A379B-9A62-44C1-B122-900E4D896677}.Debug|Any CPU.Build.0 = Debug|Any CPU
		{747A379B-9A62-44C1-B122-900E4D896677}.Release|Any CPU.ActiveCfg = Release|Any CPU
		{747A379B-9A62-44C1-B122-900E4D896677}.Release|Any CPU.Build.0 = Release|Any CPU
		{FF22E473-FC1F-4528-8C12-5E13FD4105C2}.Debug|Any CPU.ActiveCfg = Debug|Any CPU
		{FF22E473-FC1F-4528-8C12-5E13FD4105C2}.Debug|Any CPU.Build.0 = Debug|Any CPU
		{FF22E473-FC1F-4528-8C12-5E13FD4105C2}.Release|Any CPU.ActiveCfg = Release|Any CPU
		{FF22E473-FC1F-4528-8C12-5E13FD4105C2}.Release|Any CPU.Build.0 = Release|Any CPU
	EndGlobalSection
	GlobalSection(SolutionProperties) = preSolution
		HideSolutionNode = FALSE
	EndGlobalSection
	GlobalSection(ExtensibilityGlobals) = postSolution
		SolutionGuid = {2870DBD0-1D63-4AF1-8706-07CD16EC4A04}
	EndGlobalSection
EndGlobal
