
Microsoft Visual Studio Solution File, Format Version 12.00
# Visual Studio Version 17
VisualStudioVersion = 17.10.34916.146
MinimumVisualStudioVersion = 10.0.40219.1
Project("{9A19103F-16F7-4668-BE54-9A1E7A4F7556}") = "VoiceAssistant.Recording", "VoiceAssistant.Recording\VoiceAssistant.Recording.csproj", "{747A379B-9A62-44C1-B122-900E4D896677}"
EndProject
Project("{9A19103F-16F7-4668-BE54-9A1E7A4F7556}") = "ConsoleTester", "ConsoleTester\ConsoleTester.csproj", "{FF22E473-FC1F-4528-8C12-5E13FD4105C2}"
EndProject
Project("{9A19103F-16F7-4668-BE54-9A1E7A4F7556}") = "VoiceAssistant", "VoiceAssistant\VoiceAssistant.csproj", "{5CD85F6B-75AD-479F-B3A6-C2DE747FAEEC}"
EndProject
Project("{9A19103F-16F7-4668-BE54-9A1E7A4F7556}") = "VoiceAssistant.Core", "VoiceAssistant.Core\VoiceAssistant.Core.csproj", "{141FD0E5-12F2-4E37-9CE7-9803285F617F}"
EndProject
Project("{9A19103F-16F7-4668-BE54-9A1E7A4F7556}") = "VoiceAssistant.Services", "VoiceAssistant.Services\VoiceAssistant.Services.csproj", "{904338B9-E946-4ABA-9F05-7B4AD194655C}"
EndProject
Project("{2150E333-8FDC-42A3-9474-1A3956D46DE8}") = "S2TPlugins", "S2TPlugins", "{15C09267-273D-4170-877B-FDF4F7E88DAB}"
EndProject
Project("{9A19103F-16F7-4668-BE54-9A1E7A4F7556}") = "Plugin.S2T.Base", "Plugin.S2T.Base\Plugin.S2T.Base.csproj", "{ACD8537A-C5B7-4740-A750-F4DB008D27AC}"
EndProject
Project("{9A19103F-16F7-4668-BE54-9A1E7A4F7556}") = "Plugin.S2T.VK", "Plugin.S2T.VK\Plugin.S2T.VK.csproj", "{6BC43812-1BF6-4588-BE4F-BFC8A1614D5D}"
EndProject
Project("{2150E333-8FDC-42A3-9474-1A3956D46DE8}") = "Plugins", "Plugins", "{7E007469-382E-4DD7-AAC6-E6EB384E958C}"
EndProject
Project("{9A19103F-16F7-4668-BE54-9A1E7A4F7556}") = "Plugin.Base", "Plugin.Base\Plugin.Base.csproj", "{90E15EFD-2697-46FD-B605-1F527D6040CF}"
EndProject
Project("{9A19103F-16F7-4668-BE54-9A1E7A4F7556}") = "Plugin.Registrator", "Plugin.Registrator\Plugin.Registrator.csproj", "{10AC1094-15FE-4537-B47F-268C392898C1}"
EndProject
Project("{9A19103F-16F7-4668-BE54-9A1E7A4F7556}") = "VoiceAssistant.ActionManagement", "VoiceAssistant.ActionManagement\VoiceAssistant.ActionManagement.csproj", "{590ABD09-DF97-43AD-A513-72188D8D48DD}"
EndProject
Project("{9A19103F-16F7-4668-BE54-9A1E7A4F7556}") = "VoiceAssistant.ChatGPT", "VoiceAssistant.ChatGPT\VoiceAssistant.ChatGPT.csproj", "{B15AA2C6-42E3-4E01-A21C-647834FCAB81}"
EndProject
Project("{9A19103F-16F7-4668-BE54-9A1E7A4F7556}") = "VoiceAssistant.Domain", "VoiceAssistant.Domain\VoiceAssistant.Domain.csproj", "{5117C485-B228-4843-9085-63DB2280CE07}"
EndProject
Project("{2150E333-8FDC-42A3-9474-1A3956D46DE8}") = "DAL", "DAL", "{2947C079-6E29-4B46-BF4B-C328B1BDB72D}"
EndProject
Project("{9A19103F-16F7-4668-BE54-9A1E7A4F7556}") = "DBConfiguration", "DBConfiguration\DBConfiguration.csproj", "{DE7A9967-DDD1-47F2-AECC-9824760E6A24}"
EndProject
Project("{FAE04EC0-301F-11D3-BF4B-00C04F79EFBC}") = "VoiceAssistant.DAL", "VoiceAssistant.DAL\VoiceAssistant.DAL.csproj", "{6988F5E9-E662-4B10-A642-F66CBF8D359D}"
EndProject
Global
	GlobalSection(SolutionConfigurationPlatforms) = preSolution
		Debug|Any CPU = Debug|Any CPU
		Release|Any CPU = Release|Any CPU
	EndGlobalSection
	GlobalSection(ProjectConfigurationPlatforms) = postSolution
		{747A379B-9A62-44C1-B122-900E4D896677}.Debug|Any CPU.ActiveCfg = Debug|Any CPU
		{747A379B-9A62-44C1-B122-900E4D896677}.Debug|Any CPU.Build.0 = Debug|Any CPU
		{747A379B-9A62-44C1-B122-900E4D896677}.Release|Any CPU.ActiveCfg = Release|Any CPU
		{747A379B-9A62-44C1-B122-900E4D896677}.Release|Any CPU.Build.0 = Release|Any CPU
		{FF22E473-FC1F-4528-8C12-5E13FD4105C2}.Debug|Any CPU.ActiveCfg = Debug|Any CPU
		{FF22E473-FC1F-4528-8C12-5E13FD4105C2}.Debug|Any CPU.Build.0 = Debug|Any CPU
		{FF22E473-FC1F-4528-8C12-5E13FD4105C2}.Release|Any CPU.ActiveCfg = Release|Any CPU
		{FF22E473-FC1F-4528-8C12-5E13FD4105C2}.Release|Any CPU.Build.0 = Release|Any CPU
		{5CD85F6B-75AD-479F-B3A6-C2DE747FAEEC}.Debug|Any CPU.ActiveCfg = Debug|Any CPU
		{5CD85F6B-75AD-479F-B3A6-C2DE747FAEEC}.Debug|Any CPU.Build.0 = Debug|Any CPU
		{5CD85F6B-75AD-479F-B3A6-C2DE747FAEEC}.Release|Any CPU.ActiveCfg = Release|Any CPU
		{5CD85F6B-75AD-479F-B3A6-C2DE747FAEEC}.Release|Any CPU.Build.0 = Release|Any CPU
		{141FD0E5-12F2-4E37-9CE7-9803285F617F}.Debug|Any CPU.ActiveCfg = Debug|Any CPU
		{141FD0E5-12F2-4E37-9CE7-9803285F617F}.Debug|Any CPU.Build.0 = Debug|Any CPU
		{141FD0E5-12F2-4E37-9CE7-9803285F617F}.Release|Any CPU.ActiveCfg = Release|Any CPU
		{141FD0E5-12F2-4E37-9CE7-9803285F617F}.Release|Any CPU.Build.0 = Release|Any CPU
		{904338B9-E946-4ABA-9F05-7B4AD194655C}.Debug|Any CPU.ActiveCfg = Debug|Any CPU
		{904338B9-E946-4ABA-9F05-7B4AD194655C}.Debug|Any CPU.Build.0 = Debug|Any CPU
		{904338B9-E946-4ABA-9F05-7B4AD194655C}.Release|Any CPU.ActiveCfg = Release|Any CPU
		{904338B9-E946-4ABA-9F05-7B4AD194655C}.Release|Any CPU.Build.0 = Release|Any CPU
		{ACD8537A-C5B7-4740-A750-F4DB008D27AC}.Debug|Any CPU.ActiveCfg = Debug|Any CPU
		{ACD8537A-C5B7-4740-A750-F4DB008D27AC}.Debug|Any CPU.Build.0 = Debug|Any CPU
		{ACD8537A-C5B7-4740-A750-F4DB008D27AC}.Release|Any CPU.ActiveCfg = Release|Any CPU
		{ACD8537A-C5B7-4740-A750-F4DB008D27AC}.Release|Any CPU.Build.0 = Release|Any CPU
		{6BC43812-1BF6-4588-BE4F-BFC8A1614D5D}.Debug|Any CPU.ActiveCfg = Debug|Any CPU
		{6BC43812-1BF6-4588-BE4F-BFC8A1614D5D}.Debug|Any CPU.Build.0 = Debug|Any CPU
		{6BC43812-1BF6-4588-BE4F-BFC8A1614D5D}.Release|Any CPU.ActiveCfg = Release|Any CPU
		{6BC43812-1BF6-4588-BE4F-BFC8A1614D5D}.Release|Any CPU.Build.0 = Release|Any CPU
		{90E15EFD-2697-46FD-B605-1F527D6040CF}.Debug|Any CPU.ActiveCfg = Debug|Any CPU
		{90E15EFD-2697-46FD-B605-1F527D6040CF}.Debug|Any CPU.Build.0 = Debug|Any CPU
		{90E15EFD-2697-46FD-B605-1F527D6040CF}.Release|Any CPU.ActiveCfg = Release|Any CPU
		{90E15EFD-2697-46FD-B605-1F527D6040CF}.Release|Any CPU.Build.0 = Release|Any CPU
		{10AC1094-15FE-4537-B47F-268C392898C1}.Debug|Any CPU.ActiveCfg = Debug|Any CPU
		{10AC1094-15FE-4537-B47F-268C392898C1}.Debug|Any CPU.Build.0 = Debug|Any CPU
		{10AC1094-15FE-4537-B47F-268C392898C1}.Release|Any CPU.ActiveCfg = Release|Any CPU
		{10AC1094-15FE-4537-B47F-268C392898C1}.Release|Any CPU.Build.0 = Release|Any CPU
		{590ABD09-DF97-43AD-A513-72188D8D48DD}.Debug|Any CPU.ActiveCfg = Debug|Any CPU
		{590ABD09-DF97-43AD-A513-72188D8D48DD}.Debug|Any CPU.Build.0 = Debug|Any CPU
		{590ABD09-DF97-43AD-A513-72188D8D48DD}.Release|Any CPU.ActiveCfg = Release|Any CPU
		{590ABD09-DF97-43AD-A513-72188D8D48DD}.Release|Any CPU.Build.0 = Release|Any CPU
		{B15AA2C6-42E3-4E01-A21C-647834FCAB81}.Debug|Any CPU.ActiveCfg = Debug|Any CPU
		{B15AA2C6-42E3-4E01-A21C-647834FCAB81}.Debug|Any CPU.Build.0 = Debug|Any CPU
		{B15AA2C6-42E3-4E01-A21C-647834FCAB81}.Release|Any CPU.ActiveCfg = Release|Any CPU
		{B15AA2C6-42E3-4E01-A21C-647834FCAB81}.Release|Any CPU.Build.0 = Release|Any CPU
		{5117C485-B228-4843-9085-63DB2280CE07}.Debug|Any CPU.ActiveCfg = Debug|Any CPU
		{5117C485-B228-4843-9085-63DB2280CE07}.Debug|Any CPU.Build.0 = Debug|Any CPU
		{5117C485-B228-4843-9085-63DB2280CE07}.Release|Any CPU.ActiveCfg = Release|Any CPU
		{5117C485-B228-4843-9085-63DB2280CE07}.Release|Any CPU.Build.0 = Release|Any CPU
		{DE7A9967-DDD1-47F2-AECC-9824760E6A24}.Debug|Any CPU.ActiveCfg = Debug|Any CPU
		{DE7A9967-DDD1-47F2-AECC-9824760E6A24}.Debug|Any CPU.Build.0 = Debug|Any CPU
		{DE7A9967-DDD1-47F2-AECC-9824760E6A24}.Release|Any CPU.ActiveCfg = Release|Any CPU
		{DE7A9967-DDD1-47F2-AECC-9824760E6A24}.Release|Any CPU.Build.0 = Release|Any CPU
		{6988F5E9-E662-4B10-A642-F66CBF8D359D}.Debug|Any CPU.ActiveCfg = Debug|Any CPU
		{6988F5E9-E662-4B10-A642-F66CBF8D359D}.Debug|Any CPU.Build.0 = Debug|Any CPU
		{6988F5E9-E662-4B10-A642-F66CBF8D359D}.Release|Any CPU.ActiveCfg = Release|Any CPU
		{6988F5E9-E662-4B10-A642-F66CBF8D359D}.Release|Any CPU.Build.0 = Release|Any CPU
	EndGlobalSection
	GlobalSection(SolutionProperties) = preSolution
		HideSolutionNode = FALSE
	EndGlobalSection
	GlobalSection(NestedProjects) = preSolution
		{15C09267-273D-4170-877B-FDF4F7E88DAB} = {7E007469-382E-4DD7-AAC6-E6EB384E958C}
		{ACD8537A-C5B7-4740-A750-F4DB008D27AC} = {15C09267-273D-4170-877B-FDF4F7E88DAB}
		{6BC43812-1BF6-4588-BE4F-BFC8A1614D5D} = {15C09267-273D-4170-877B-FDF4F7E88DAB}
		{90E15EFD-2697-46FD-B605-1F527D6040CF} = {7E007469-382E-4DD7-AAC6-E6EB384E958C}
		{10AC1094-15FE-4537-B47F-268C392898C1} = {7E007469-382E-4DD7-AAC6-E6EB384E958C}
		{DE7A9967-DDD1-47F2-AECC-9824760E6A24} = {2947C079-6E29-4B46-BF4B-C328B1BDB72D}
		{6988F5E9-E662-4B10-A642-F66CBF8D359D} = {2947C079-6E29-4B46-BF4B-C328B1BDB72D}
	EndGlobalSection
	GlobalSection(ExtensibilityGlobals) = postSolution
		SolutionGuid = {2870DBD0-1D63-4AF1-8706-07CD16EC4A04}
	EndGlobalSection
EndGlobal
